{
    "_readme": [
        "This file locks the dependencies of your project to a known state",
        "Read more about it at https://getcomposer.org/doc/01-basic-usage.md#composer-lock-the-lock-file",
        "This file is @generated automatically"
    ],
    "hash": "20f816bf4234a9d4e52f3b386eff6367",
    "content-hash": "edc00b33c2311f9767a76c39c68e1b95",
    "packages": [],
    "packages-dev": [
        {
            "name": "nette/tester",
            "version": "dev-master",
            "source": {
                "type": "git",
                "url": "https://github.com/nette/tester.git",
                "reference": "df5e87ffef69c546a67dfada20977b4e0504119d"
            },
            "dist": {
                "type": "zip",
                "url": "https://api.github.com/repos/nette/tester/zipball/df5e87ffef69c546a67dfada20977b4e0504119d",
                "reference": "df5e87ffef69c546a67dfada20977b4e0504119d",
                "shasum": ""
            },
            "require": {
                "php": ">=5.4.0"
            },
            "bin": [
                "src/tester"
            ],
            "type": "library",
            "extra": {
                "branch-alias": {
                    "dev-master": "2.0-dev"
                }
            },
            "autoload": {
                "classmap": [
                    "src/"
                ]
            },
            "notification-url": "https://packagist.org/downloads/",
            "license": [
                "BSD-3-Clause",
                "GPL-2.0",
                "GPL-3.0"
            ],
            "authors": [
                {
                    "name": "David Grudl",
                    "homepage": "https://davidgrudl.com"
                },
                {
                    "name": "Nette Community",
                    "homepage": "https://nette.org/contributors"
                }
            ],
            "description": "Nette Tester: enjoyable unit testing in PHP with code coverage reporter. 🍏🍏🍎🍏",
            "homepage": "https://tester.nette.org",
            "keywords": [
                "Xdebug",
                "assertions",
                "clover",
                "code coverage",
                "nette",
                "phpdbg",
                "phpunit",
                "testing",
                "unit"
            ],
            "time": "2017-07-24 14:21:38"
        }
    ],
    "aliases": [],
    "minimum-stability": "dev",
    "stability-flags": [],
    "prefer-stable": false,
    "prefer-lowest": false,
    "platform": {
        "php": ">=5.4"
    },
    "platform-dev": []
}
